
Microsoft Visual Studio Solution File, Format Version 12.00
# Visual Studio Version 17
VisualStudioVersion = 17.4.33213.308
MinimumVisualStudioVersion = 10.0.40219.1
Project("{FAE04EC0-301F-11D3-BF4B-00C04F79EFBC}") = "ChallengeApp", "ChallengeApp\ChallengeApp.csproj", "{11448543-8199-41C7-AE5E-5C98AA8FAF7A}"
EndProject
Global
	GlobalSection(SolutionConfigurationPlatforms) = preSolution
		Debug|Any CPU = Debug|Any CPU
		Release|Any CPU = Release|Any CPU
	EndGlobalSection
	GlobalSection(ProjectConfigurationPlatforms) = postSolution
		{11448543-8199-41C7-AE5E-5C98AA8FAF7A}.Debug|Any CPU.ActiveCfg = Debug|Any CPU
		{11448543-8199-41C7-AE5E-5C98AA8FAF7A}.Debug|Any CPU.Build.0 = Debug|Any CPU
		{11448543-8199-41C7-AE5E-5C98AA8FAF7A}.Release|Any CPU.ActiveCfg = Release|Any CPU
		{11448543-8199-41C7-AE5E-5C98AA8FAF7A}.Release|Any CPU.Build.0 = Release|Any CPU
	EndGlobalSection
	GlobalSection(SolutionProperties) = preSolution
		HideSolutionNode = FALSE
	EndGlobalSection
	GlobalSection(ExtensibilityGlobals) = postSolution
		SolutionGuid = {4CFAB2AC-29BE-4438-A9C5-B0F3A88C0009}
	EndGlobalSection
EndGlobal
